
Microsoft Visual Studio Solution File, Format Version 12.00
# Visual Studio Version 17
VisualStudioVersion = 17.0.32014.148
MinimumVisualStudioVersion = 10.0.40219.1
Project("{FAE04EC0-301F-11D3-BF4B-00C04F79EFBC}") = "AssignmentProject", "AssignmentProject\AssignmentProject.csproj", "{B15D4A7E-42BB-4B3B-AFF1-F4F663FB6C1E}"
EndProject
Global
	GlobalSection(SolutionConfigurationPlatforms) = preSolution
		Debug|Any CPU = Debug|Any CPU
		Release|Any CPU = Release|Any CPU
	EndGlobalSection
	GlobalSection(ProjectConfigurationPlatforms) = postSolution
		{B15D4A7E-42BB-4B3B-AFF1-F4F663FB6C1E}.Debug|Any CPU.ActiveCfg = Debug|Any CPU
		{B15D4A7E-42BB-4B3B-AFF1-F4F663FB6C1E}.Debug|Any CPU.Build.0 = Debug|Any CPU
		{B15D4A7E-42BB-4B3B-AFF1-F4F663FB6C1E}.Release|Any CPU.ActiveCfg = Release|Any CPU
		{B15D4A7E-42BB-4B3B-AFF1-F4F663FB6C1E}.Release|Any CPU.Build.0 = Release|Any CPU
	EndGlobalSection
	GlobalSection(SolutionProperties) = preSolution
		HideSolutionNode = FALSE
	EndGlobalSection
	GlobalSection(ExtensibilityGlobals) = postSolution
		SolutionGuid = {B0ED9754-EAD1-4F4D-8CDF-CE10FF5C5F15}
	EndGlobalSection
EndGlobal
